
Microsoft Visual Studio Solution File, Format Version 12.00
# Visual Studio Version 17
VisualStudioVersion = 17.0.32014.148
MinimumVisualStudioVersion = 10.0.40219.1
Project("{FAE04EC0-301F-11D3-BF4B-00C04F79EFBC}") = "ConsoleApp3", "ConsoleApp3\ConsoleApp3.csproj", "{DE66D625-63BD-4385-8803-DC9C63527075}"
EndProject
Global
	GlobalSection(SolutionConfigurationPlatforms) = preSolution
		Debug|Any CPU = Debug|Any CPU
		Release|Any CPU = Release|Any CPU
	EndGlobalSection
	GlobalSection(ProjectConfigurationPlatforms) = postSolution
		{DE66D625-63BD-4385-8803-DC9C63527075}.Debug|Any CPU.ActiveCfg = Debug|Any CPU
		{DE66D625-63BD-4385-8803-DC9C63527075}.Debug|Any CPU.Build.0 = Debug|Any CPU
		{DE66D625-63BD-4385-8803-DC9C63527075}.Release|Any CPU.ActiveCfg = Release|Any CPU
		{DE66D625-63BD-4385-8803-DC9C63527075}.Release|Any CPU.Build.0 = Release|Any CPU
	EndGlobalSection
	GlobalSection(SolutionProperties) = preSolution
		HideSolutionNode = FALSE
	EndGlobalSection
	GlobalSection(ExtensibilityGlobals) = postSolution
		SolutionGuid = {80B8D902-FF5F-4365-A95E-7F22A11395A5}
	EndGlobalSection
EndGlobal
